// !$*UTF8*$!
{
	archiveVersion = 1;
	classes = {
	};
	objectVersion = 50;
	objects = {

/* Begin PBXBuildFile section */
		7C9147C223C7B67800AAF977 /* AppDelegate.swift in Sources */ = {isa = PBXBuildFile; fileRef = 7C9147C123C7B67800AAF977 /* AppDelegate.swift */; };
		7C9147C623C7B67800AAF977 /* ViewController.swift in Sources */ = {isa = PBXBuildFile; fileRef = 7C9147C523C7B67800AAF977 /* ViewController.swift */; };
		7C9147C923C7B67800AAF977 /* Main.storyboard in Resources */ = {isa = PBXBuildFile; fileRef = 7C9147C723C7B67800AAF977 /* Main.storyboard */; };
		7C9147CB23C7B67800AAF977 /* Assets.xcassets in Resources */ = {isa = PBXBuildFile; fileRef = 7C9147CA23C7B67800AAF977 /* Assets.xcassets */; };
		7C9147CE23C7B67800AAF977 /* LaunchScreen.storyboard in Resources */ = {isa = PBXBuildFile; fileRef = 7C9147CC23C7B67800AAF977 /* LaunchScreen.storyboard */; };
		7C9147F623C7B8E200AAF977 /* SceneDelegate.swift in Sources */ = {isa = PBXBuildFile; fileRef = 7C9147F523C7B8E200AAF977 /* SceneDelegate.swift */; };
/* End PBXBuildFile section */

/* Begin PBXFileReference section */
		7C9147BE23C7B67800AAF977 /* SettingsPresent.app */ = {isa = PBXFileReference; explicitFileType = wrapper.application; includeInIndex = 0; path = SettingsPresent.app; sourceTree = BUILT_PRODUCTS_DIR; };
		7C9147C123C7B67800AAF977 /* AppDelegate.swift */ = {isa = PBXFileReference; lastKnownFileType = sourcecode.swift; path = AppDelegate.swift; sourceTree = "<group>"; };
		7C9147C523C7B67800AAF977 /* ViewController.swift */ = {isa = PBXFileReference; lastKnownFileType = sourcecode.swift; path = ViewController.swift; sourceTree = "<group>"; };
		7C9147C823C7B67800AAF977 /* Base */ = {isa = PBXFileReference; lastKnownFileType = file.storyboard; name = Base; path = Base.lproj/Main.storyboard; sourceTree = "<group>"; };
		7C9147CA23C7B67800AAF977 /* Assets.xcassets */ = {isa = PBXFileReference; lastKnownFileType = folder.assetcatalog; path = Assets.xcassets; sourceTree = "<group>"; };
		7C9147CD23C7B67800AAF977 /* Base */ = {isa = PBXFileReference; lastKnownFileType = file.storyboard; name = Base; path = Base.lproj/LaunchScreen.storyboard; sourceTree = "<group>"; };
		7C9147CF23C7B67800AAF977 /* Info.plist */ = {isa = PBXFileReference; lastKnownFileType = text.plist.xml; path = Info.plist; sourceTree = "<group>"; };
		7C9147F523C7B8E200AAF977 /* SceneDelegate.swift */ = {isa = PBXFileReference; fileEncoding = 4; lastKnownFileType = sourcecode.swift; path = SceneDelegate.swift; sourceTree = "<group>"; };
/* End PBXFileReference section */

/* Begin PBXFrameworksBuildPhase section */
		7C9147BB23C7B67800AAF977 /* Frameworks */ = {
			isa = PBXFrameworksBuildPhase;
			buildActionMask = 2147483647;
			files = (
			);
			runOnlyForDeploymentPostprocessing = 0;
		};
/* End PBXFrameworksBuildPhase section */

/* Begin PBXGroup section */
		7C9147B523C7B67800AAF977 = {
			isa = PBXGroup;
			children = (
				7C9147C023C7B67800AAF977 /* SettingsPresent */,
				7C9147BF23C7B67800AAF977 /* Products */,
			);
			sourceTree = "<group>";
		};
		7C9147BF23C7B67800AAF977 /* Products */ = {
			isa = PBXGroup;
			children = (
				7C9147BE23C7B67800AAF977 /* SettingsPresent.app */,
			);
			name = Products;
			sourceTree = "<group>";
		};
		7C9147C023C7B67800AAF977 /* SettingsPresent */ = {
			isa = PBXGroup;
			children = (
				7C9147C123C7B67800AAF977 /* AppDelegate.swift */,
				7C9147F523C7B8E200AAF977 /* SceneDelegate.swift */,
				7C9147C523C7B67800AAF977 /* ViewController.swift */,
				7C9147C723C7B67800AAF977 /* Main.storyboard */,
				7C9147CA23C7B67800AAF977 /* Assets.xcassets */,
				7C9147CC23C7B67800AAF977 /* LaunchScreen.storyboard */,
				7C9147CF23C7B67800AAF977 /* Info.plist */,
			);
			path = SettingsPresent;
			sourceTree = "<group>";
		};
/* End PBXGroup section */

/* Begin PBXNativeTarget section */
		7C9147BD23C7B67800AAF977 /* SettingsPresent */ = {
			isa = PBXNativeTarget;
			buildConfigurationList = 7C9147D223C7B67800AAF977 /* Build configuration list for PBXNativeTarget "SettingsPresent" */;
			buildPhases = (
				7C9147BA23C7B67800AAF977 /* Sources */,
				7C9147BB23C7B67800AAF977 /* Frameworks */,
				7C9147BC23C7B67800AAF977 /* Resources */,
			);
			buildRules = (
			);
			dependencies = (
			);
			name = SettingsPresent;
			productName = SettingsPresent;
			productReference = 7C9147BE23C7B67800AAF977 /* SettingsPresent.app */;
			productType = "com.apple.product-type.application";
		};
/* End PBXNativeTarget section */

/* Begin PBXProject section */
		7C9147B623C7B67800AAF977 /* Project object */ = {
			isa = PBXProject;
			attributes = {
				LastSwiftUpdateCheck = 1120;
				LastUpgradeCheck = 1120;
				ORGANIZATIONNAME = "Don Mag";
				TargetAttributes = {
					7C9147BD23C7B67800AAF977 = {
						CreatedOnToolsVersion = 11.2.1;
					};
				};
			};
			buildConfigurationList = 7C9147B923C7B67800AAF977 /* Build configuration list for PBXProject "SettingsPresent" */;
			compatibilityVersion = "Xcode 9.3";
			developmentRegion = en;
			hasScannedForEncodings = 0;
			knownRegions = (
				en,
				Base,
			);
			mainGroup = 7C9147B523C7B67800AAF977;
			productRefGroup = 7C9147BF23C7B67800AAF977 /* Products */;
			projectDirPath = "";
			projectRoot = "";
			targets = (
				7C9147BD23C7B67800AAF977 /* SettingsPresent */,
			);
		};
/* End PBXProject section */

/* Begin PBXResourcesBuildPhase section */
		7C9147BC23C7B67800AAF977 /* Resources */ = {
			isa = PBXResourcesBuildPhase;
			buildActionMask = 2147483647;
			files = (
				7C9147CE23C7B67800AAF977 /* LaunchScreen.storyboard in Resources */,
				7C9147CB23C7B67800AAF977 /* Assets.xcassets in Resources */,
				7C9147C923C7B67800AAF977 /* Main.storyboard in Resources */,
			);
			runOnlyForDeploymentPostprocessing = 0;
		};
/* End PBXResourcesBuildPhase section */

/* Begin PBXSourcesBuildPhase section */
		7C9147BA23C7B67800AAF977 /* Sources */ = {
			isa = PBXSourcesBuildPhase;
			buildActionMask = 2147483647;
			files = (
				7C9147C623C7B67800AAF977 /* ViewController.swift in Sources */,
				7C9147C223C7B67800AAF977 /* AppDelegate.swift in Sources */,
				7C9147F623C7B8E200AAF977 /* SceneDelegate.swift in Sources */,
			);
			runOnlyForDeploymentPostprocessing = 0;
		};
/* End PBXSourcesBuildPhase section */

/* Begin PBXVariantGroup section */
		7C9147C723C7B67800AAF977 /* Main.storyboard */ = {
			isa = PBXVariantGroup;
			children = (
				7C9147C823C7B67800AAF977 /* Base */,
			);
			name = Main.storyboard;
			sourceTree = "<group>";
		};
		7C9147CC23C7B67800AAF977 /* LaunchScreen.storyboard */ = {
			isa = PBXVariantGroup;
			children = (
				7C9147CD23C7B67800AAF977 /* Base */,
			);
			name = LaunchScreen.storyboard;
			sourceTree = "<group>";
		};
/* End PBXVariantGroup section */

/* Begin XCBuildConfiguration section */
		7C9147D023C7B67800AAF977 /* Debug */ = {
			isa = XCBuildConfiguration;
			buildSettings = {
				ALWAYS_SEARCH_USER_PATHS = NO;
				CLANG_ANALYZER_NONNULL = YES;
				CLANG_ANALYZER_NUMBER_OBJECT_CONVERSION = YES_AGGRESSIVE;
				CLANG_CXX_LANGUAGE_STANDARD = "gnu++14";
				CLANG_CXX_LIBRARY = "libc++";
				CLANG_ENABLE_MODULES = YES;
				CLANG_ENABLE_OBJC_ARC = YES;
				CLANG_ENABLE_OBJC_WEAK = YES;
				CLANG_WARN_BLOCK_CAPTURE_AUTORELEASING = YES;
				CLANG_WARN_BOOL_CONVERSION = YES;
				CLANG_WARN_COMMA = YES;
				CLANG_WARN_CONSTANT_CONVERSION = YES;
				CLANG_WARN_DEPRECATED_OBJC_IMPLEMENTATIONS = YES;
				CLANG_WARN_DIRECT_OBJC_ISA_USAGE = YES_ERROR;
				CLANG_WARN_DOCUMENTATION_COMMENTS = YES;
				CLANG_WARN_EMPTY_BODY = YES;
				CLANG_WARN_ENUM_CONVERSION = YES;
				CLANG_WARN_INFINITE_RECURSION = YES;
				CLANG_WARN_INT_CONVERSION = YES;
				CLANG_WARN_NON_LITERAL_NULL_CONVERSION = YES;
				CLANG_WARN_OBJC_IMPLICIT_RETAIN_SELF = YES;
				CLANG_WARN_OBJC_LITERAL_CONVERSION = YES;
				CLANG_WARN_OBJC_ROOT_CLASS = YES_ERROR;
				CLANG_WARN_RANGE_LOOP_ANALYSIS = YES;
				CLANG_WARN_STRICT_PROTOTYPES = YES;
				CLANG_WARN_SUSPICIOUS_MOVE = YES;
				CLANG_WARN_UNGUARDED_AVAILABILITY = YES_AGGRESSIVE;
				CLANG_WARN_UNREACHABLE_CODE = YES;
				CLANG_WARN__DUPLICATE_METHOD_MATCH = YES;
				COPY_PHASE_STRIP = NO;
				DEBUG_INFORMATION_FORMAT = dwarf;
				ENABLE_STRICT_OBJC_MSGSEND = YES;
				ENABLE_TESTABILITY = YES;
				GCC_C_LANGUAGE_STANDARD = gnu11;
				GCC_DYNAMIC_NO_PIC = NO;
				GCC_NO_COMMON_BLOCKS = YES;
				GCC_OPTIMIZATION_LEVEL = 0;
				GCC_PREPROCESSOR_DEFINITIONS = (
					"DEBUG=1",
					"$(inherited)",
				);
				GCC_WARN_64_TO_32_BIT_CONVERSION = YES;
				GCC_WARN_ABOUT_RETURN_TYPE = YES_ERROR;
				GCC_WARN_UNDECLARED_SELECTOR = YES;
				GCC_WARN_UNINITIALIZED_AUTOS = YES_AGGRESSIVE;
				GCC_WARN_UNUSED_FUNCTION = YES;
				GCC_WARN_UNUSED_VARIABLE = YES;
				IPHONEOS_DEPLOYMENT_TARGET = 13.2;
				MTL_ENABLE_DEBUG_INFO = INCLUDE_SOURCE;
				MTL_FAST_MATH = YES;
				ONLY_ACTIVE_ARCH = YES;
				SDKROOT = iphoneos;
				SWIFT_ACTIVE_COMPILATION_CONDITIONS = DEBUG;
				SWIFT_OPTIMIZATION_LEVEL = "-Onone";
			};
			name = Debug;
		};
		7C9147D123C7B67800AAF977 /* Release */ = {
			isa = XCBuildConfiguration;
			buildSettings = {
				ALWAYS_SEARCH_USER_PATHS = NO;
				CLANG_ANALYZER_NONNULL = YES;
				CLANG_ANALYZER_NUMBER_OBJECT_CONVERSION = YES_AGGRESSIVE;
				CLANG_CXX_LANGUAGE_STANDARD = "gnu++14";
				CLANG_CXX_LIBRARY = "libc++";
				CLANG_ENABLE_MODULES = YES;
				CLANG_ENABLE_OBJC_ARC = YES;
				CLANG_ENABLE_OBJC_WEAK = YES;
				CLANG_WARN_BLOCK_CAPTURE_AUTORELEASING = YES;
				CLANG_WARN_BOOL_CONVERSION = YES;
				CLANG_WARN_COMMA = YES;
				CLANG_WARN_CONSTANT_CONVERSION = YES;
				CLANG_WARN_DEPRECATED_OBJC_IMPLEMENTATIONS = YES;
				CLANG_WARN_DIRECT_OBJC_ISA_USAGE = YES_ERROR;
				CLANG_WARN_DOCUMENTATION_COMMENTS = YES;
				CLANG_WARN_EMPTY_BODY = YES;
				CLANG_WARN_ENUM_CONVERSION = YES;
				CLANG_WARN_INFINITE_RECURSION = YES;
				CLANG_WARN_INT_CONVERSION = YES;
				CLANG_WARN_NON_LITERAL_NULL_CONVERSION = YES;
				CLANG_WARN_OBJC_IMPLICIT_RETAIN_SELF = YES;
				CLANG_WARN_OBJC_LITERAL_CONVERSION = YES;
				CLANG_WARN_OBJC_ROOT_CLASS = YES_ERROR;
				CLANG_WARN_RANGE_LOOP_ANALYSIS = YES;
				CLANG_WARN_STRICT_PROTOTYPES = YES;
				CLANG_WARN_SUSPICIOUS_MOVE = YES;
				CLANG_WARN_UNGUARDED_AVAILABILITY = YES_AGGRESSIVE;
				CLANG_WARN_UNREACHABLE_CODE = YES;
				CLANG_WARN__DUPLICATE_METHOD_MATCH = YES;
				COPY_PHASE_STRIP = NO;
				DEBUG_INFORMATION_FORMAT = "dwarf-with-dsym";
				ENABLE_NS_ASSERTIONS = NO;
				ENABLE_STRICT_OBJC_MSGSEND = YES;
				GCC_C_LANGUAGE_STANDARD = gnu11;
				GCC_NO_COMMON_BLOCKS = YES;
				GCC_WARN_64_TO_32_BIT_CONVERSION = YES;
				GCC_WARN_ABOUT_RETURN_TYPE = YES_ERROR;
				GCC_WARN_UNDECLARED_SELECTOR = YES;
				GCC_WARN_UNINITIALIZED_AUTOS = YES_AGGRESSIVE;
				GCC_WARN_UNUSED_FUNCTION = YES;
				GCC_WARN_UNUSED_VARIABLE = YES;
				IPHONEOS_DEPLOYMENT_TARGET = 13.2;
				MTL_ENABLE_DEBUG_INFO = NO;
				MTL_FAST_MATH = YES;
				SDKROOT = iphoneos;
				SWIFT_COMPILATION_MODE = wholemodule;
				SWIFT_OPTIMIZATION_LEVEL = "-O";
				VALIDATE_PRODUCT = YES;
			};
			name = Release;
		};
		7C9147D323C7B67800AAF977 /* Debug */ = {
			isa = XCBuildConfiguration;
			buildSettings = {
				ASSETCATALOG_COMPILER_APPICON_NAME = AppIcon;
				CODE_SIGN_STYLE = Automatic;
				INFOPLIST_FILE = SettingsPresent/Info.plist;
				LD_RUNPATH_SEARCH_PATHS = (
					"$(inherited)",
					"@executable_path/Frameworks",
				);
				PRODUCT_BUNDLE_IDENTIFIER = DonMag.SettingsPresent;
				PRODUCT_NAME = "$(TARGET_NAME)";
				SWIFT_VERSION = 5.0;
				TARGETED_DEVICE_FAMILY = "1,2";
			};
			name = Debug;
		};
		7C9147D423C7B67800AAF977 /* Release */ = {
			isa = XCBuildConfiguration;
			buildSettings = {
				ASSETCATALOG_COMPILER_APPICON_NAME = AppIcon;
				CODE_SIGN_STYLE = Automatic;
				INFOPLIST_FILE = SettingsPresent/Info.plist;
				LD_RUNPATH_SEARCH_PATHS = (
					"$(inherited)",
					"@executable_path/Frameworks",
				);
				PRODUCT_BUNDLE_IDENTIFIER = DonMag.SettingsPresent;
				PRODUCT_NAME = "$(TARGET_NAME)";
				SWIFT_VERSION = 5.0;
				TARGETED_DEVICE_FAMILY = "1,2";
			};
			name = Release;
		};
/* End XCBuildConfiguration section */

/* Begin XCConfigurationList section */
		7C9147B923C7B67800AAF977 /* Build configuration list for PBXProject "SettingsPresent" */ = {
			isa = XCConfigurationList;
			buildConfigurations = (
				7C9147D023C7B67800AAF977 /* Debug */,
				7C9147D123C7B67800AAF977 /* Release */,
			);
			defaultConfigurationIsVisible = 0;
			defaultConfigurationName = Release;
		};
		7C9147D223C7B67800AAF977 /* Build configuration list for PBXNativeTarget "SettingsPresent" */ = {
			isa = XCConfigurationList;
			buildConfigurations = (
				7C9147D323C7B67800AAF977 /* Debug */,
				7C9147D423C7B67800AAF977 /* Release */,
			);
			defaultConfigurationIsVisible = 0;
			defaultConfigurationName = Release;
		};
/* End XCConfigurationList section */
	};
	rootObject = 7C9147B623C7B67800AAF977 /* Project object */;
}
